
Microsoft Visual Studio Solution File, Format Version 12.00
# Visual Studio Version 16
VisualStudioVersion = 16.0.30002.166
MinimumVisualStudioVersion = 10.0.40219.1
Project("{9A19103F-16F7-4668-BE54-9A1E7A4F7556}") = "LaptopProject", "LaptopProject.csproj", "{B3135424-72A0-453C-A20C-96A76EE7ECFA}"
EndProject
Project("{2150E333-8FDC-42A3-9474-1A3956D46DE8}") = "Solution Items", "Solution Items", "{220430B7-E84B-49AB-93A3-93691B0F339B}"
	ProjectSection(SolutionItems) = preProject
		.editorconfig = .editorconfig
	EndProjectSection
EndProject
Global
	GlobalSection(SolutionConfigurationPlatforms) = preSolution
		Debug|Any CPU = Debug|Any CPU
		Release|Any CPU = Release|Any CPU
	EndGlobalSection
	GlobalSection(ProjectConfigurationPlatforms) = postSolution
		{B3135424-72A0-453C-A20C-96A76EE7ECFA}.Debug|Any CPU.ActiveCfg = Debug|Any CPU
		{B3135424-72A0-453C-A20C-96A76EE7ECFA}.Debug|Any CPU.Build.0 = Debug|Any CPU
		{B3135424-72A0-453C-A20C-96A76EE7ECFA}.Release|Any CPU.ActiveCfg = Release|Any CPU
		{B3135424-72A0-453C-A20C-96A76EE7ECFA}.Release|Any CPU.Build.0 = Release|Any CPU
	EndGlobalSection
	GlobalSection(SolutionProperties) = preSolution
		HideSolutionNode = FALSE
	EndGlobalSection
	GlobalSection(ExtensibilityGlobals) = postSolution
		SolutionGuid = {7D5D0E63-8F6B-4EDE-A44E-8A511C23F1BD}
	EndGlobalSection
EndGlobal
